
Microsoft Visual Studio Solution File, Format Version 12.00
# Visual Studio Version 17
VisualStudioVersion = 17.7.34221.43
MinimumVisualStudioVersion = 10.0.40219.1
Project("{FAE04EC0-301F-11D3-BF4B-00C04F79EFBC}") = "Code Academy Space Booking System project", "Code Academy Space Booking System project\Code Academy Space Booking System project.csproj", "{335651C3-AA71-473D-B3A2-91FBE439B2EF}"
EndProject
Global
	GlobalSection(SolutionConfigurationPlatforms) = preSolution
		Debug|Any CPU = Debug|Any CPU
		Release|Any CPU = Release|Any CPU
	EndGlobalSection
	GlobalSection(ProjectConfigurationPlatforms) = postSolution
		{335651C3-AA71-473D-B3A2-91FBE439B2EF}.Debug|Any CPU.ActiveCfg = Debug|Any CPU
		{335651C3-AA71-473D-B3A2-91FBE439B2EF}.Debug|Any CPU.Build.0 = Debug|Any CPU
		{335651C3-AA71-473D-B3A2-91FBE439B2EF}.Release|Any CPU.ActiveCfg = Release|Any CPU
		{335651C3-AA71-473D-B3A2-91FBE439B2EF}.Release|Any CPU.Build.0 = Release|Any CPU
	EndGlobalSection
	GlobalSection(SolutionProperties) = preSolution
		HideSolutionNode = FALSE
	EndGlobalSection
	GlobalSection(ExtensibilityGlobals) = postSolution
		SolutionGuid = {FBD2E7EE-F122-43A9-8036-28E106A42F04}
	EndGlobalSection
EndGlobal
